
Microsoft Visual Studio Solution File, Format Version 12.00
# Visual Studio Version 17
VisualStudioVersion = 17.6.33723.286
MinimumVisualStudioVersion = 10.0.40219.1
Project("{FAE04EC0-301F-11D3-BF4B-00C04F79EFBC}") = "Food Suggestion", "Food Suggestion.csproj", "{5900137E-73A9-4D16-9643-722E38FBFDC3}"
EndProject
Global
	GlobalSection(SolutionConfigurationPlatforms) = preSolution
		Debug|Any CPU = Debug|Any CPU
		Release|Any CPU = Release|Any CPU
	EndGlobalSection
	GlobalSection(ProjectConfigurationPlatforms) = postSolution
		{5900137E-73A9-4D16-9643-722E38FBFDC3}.Debug|Any CPU.ActiveCfg = Debug|Any CPU
		{5900137E-73A9-4D16-9643-722E38FBFDC3}.Debug|Any CPU.Build.0 = Debug|Any CPU
		{5900137E-73A9-4D16-9643-722E38FBFDC3}.Release|Any CPU.ActiveCfg = Release|Any CPU
		{5900137E-73A9-4D16-9643-722E38FBFDC3}.Release|Any CPU.Build.0 = Release|Any CPU
	EndGlobalSection
	GlobalSection(SolutionProperties) = preSolution
		HideSolutionNode = FALSE
	EndGlobalSection
	GlobalSection(ExtensibilityGlobals) = postSolution
		SolutionGuid = {91D435BA-3D87-47A5-9E52-965538091F43}
	EndGlobalSection
EndGlobal
